
Microsoft Visual Studio Solution File, Format Version 12.00
# Visual Studio 2013
VisualStudioVersion = 12.0.31206.0
MinimumVisualStudioVersion = 10.0.40219.1
Project("{FAE04EC0-301F-11D3-BF4B-00C04F79EFBC}") = "Infopulse.EDemocracy.Data", "Infopulse.EDemocracy.Data\Infopulse.EDemocracy.Data.csproj", "{DBAF3A5C-DBF6-4BDB-B580-564AEBC2288A}"
EndProject
Project("{FAE04EC0-301F-11D3-BF4B-00C04F79EFBC}") = "Infopulse.EDemocracy.Web", "Infopulse.EDemocracy.Web\Infopulse.EDemocracy.Web.csproj", "{0E5A504C-8CC7-4D10-9A5F-FA4BCB9C03B5}"
EndProject
Project("{FAE04EC0-301F-11D3-BF4B-00C04F79EFBC}") = "Infopulse.EDemocracy.Model", "Infopulse.EDemocracy.Model\Infopulse.EDemocracy.Model.csproj", "{044C41CB-2DF9-40DA-8A41-D6A54379C76C}"
EndProject
Project("{FAE04EC0-301F-11D3-BF4B-00C04F79EFBC}") = "Infopulse.EDemocracy.Email", "Infopulse.EDemocracy.Email\Infopulse.EDemocracy.Email.csproj", "{C4268EAF-5395-4731-AC21-656893E6DE9B}"
EndProject
Project("{FAE04EC0-301F-11D3-BF4B-00C04F79EFBC}") = "Infopulse.EDemocracy.Web.Tests", "Infopulse.EDemocracy.Web.Tests\Infopulse.EDemocracy.Web.Tests.csproj", "{FCF98693-AE36-49BF-A57D-E5D686CC3F89}"
EndProject
Project("{00D1A9C2-B5F0-4AF3-8072-F6C62B433612}") = "Infopulse.EDemocracy.Database", "Infopulse.EDemocracy.Database\Infopulse.EDemocracy.Database.sqlproj", "{C050879B-7633-4ECB-A975-F018DEED919B}"
EndProject
Project("{FAE04EC0-301F-11D3-BF4B-00C04F79EFBC}") = "Infopulse.EDemocracy.Common", "Infopulse.EDemocracy.Common\Infopulse.EDemocracy.Common.csproj", "{7D3F48C5-4389-4347-B5A8-D9A20557843D}"
EndProject
Project("{2150E333-8FDC-42A3-9474-1A3956D46DE8}") = "Tests", "Tests", "{0CBA597E-F782-4475-A905-D7E77C3F28F3}"
EndProject
Project("{FAE04EC0-301F-11D3-BF4B-00C04F79EFBC}") = "Infopulse.EDemocracy.Common.Tests", "Infopulse.EDemocracy.Common.Tests\Infopulse.EDemocracy.Common.Tests.csproj", "{15EDB274-EE2C-4781-9869-0565CF1C7FEF}"
EndProject
Global
	GlobalSection(SolutionConfigurationPlatforms) = preSolution
		Debug|Any CPU = Debug|Any CPU
		Release|Any CPU = Release|Any CPU
	EndGlobalSection
	GlobalSection(ProjectConfigurationPlatforms) = postSolution
		{DBAF3A5C-DBF6-4BDB-B580-564AEBC2288A}.Debug|Any CPU.ActiveCfg = Debug|Any CPU
		{DBAF3A5C-DBF6-4BDB-B580-564AEBC2288A}.Debug|Any CPU.Build.0 = Debug|Any CPU
		{DBAF3A5C-DBF6-4BDB-B580-564AEBC2288A}.Release|Any CPU.ActiveCfg = Release|Any CPU
		{DBAF3A5C-DBF6-4BDB-B580-564AEBC2288A}.Release|Any CPU.Build.0 = Release|Any CPU
		{0E5A504C-8CC7-4D10-9A5F-FA4BCB9C03B5}.Debug|Any CPU.ActiveCfg = Debug|Any CPU
		{0E5A504C-8CC7-4D10-9A5F-FA4BCB9C03B5}.Debug|Any CPU.Build.0 = Debug|Any CPU
		{0E5A504C-8CC7-4D10-9A5F-FA4BCB9C03B5}.Release|Any CPU.ActiveCfg = Release|Any CPU
		{0E5A504C-8CC7-4D10-9A5F-FA4BCB9C03B5}.Release|Any CPU.Build.0 = Release|Any CPU
		{044C41CB-2DF9-40DA-8A41-D6A54379C76C}.Debug|Any CPU.ActiveCfg = Debug|Any CPU
		{044C41CB-2DF9-40DA-8A41-D6A54379C76C}.Debug|Any CPU.Build.0 = Debug|Any CPU
		{044C41CB-2DF9-40DA-8A41-D6A54379C76C}.Release|Any CPU.ActiveCfg = Release|Any CPU
		{044C41CB-2DF9-40DA-8A41-D6A54379C76C}.Release|Any CPU.Build.0 = Release|Any CPU
		{C4268EAF-5395-4731-AC21-656893E6DE9B}.Debug|Any CPU.ActiveCfg = Debug|Any CPU
		{C4268EAF-5395-4731-AC21-656893E6DE9B}.Debug|Any CPU.Build.0 = Debug|Any CPU
		{C4268EAF-5395-4731-AC21-656893E6DE9B}.Release|Any CPU.ActiveCfg = Release|Any CPU
		{C4268EAF-5395-4731-AC21-656893E6DE9B}.Release|Any CPU.Build.0 = Release|Any CPU
		{FCF98693-AE36-49BF-A57D-E5D686CC3F89}.Debug|Any CPU.ActiveCfg = Debug|Any CPU
		{FCF98693-AE36-49BF-A57D-E5D686CC3F89}.Debug|Any CPU.Build.0 = Debug|Any CPU
		{FCF98693-AE36-49BF-A57D-E5D686CC3F89}.Release|Any CPU.ActiveCfg = Release|Any CPU
		{FCF98693-AE36-49BF-A57D-E5D686CC3F89}.Release|Any CPU.Build.0 = Release|Any CPU
		{C050879B-7633-4ECB-A975-F018DEED919B}.Debug|Any CPU.ActiveCfg = Debug|Any CPU
		{C050879B-7633-4ECB-A975-F018DEED919B}.Debug|Any CPU.Build.0 = Debug|Any CPU
		{C050879B-7633-4ECB-A975-F018DEED919B}.Debug|Any CPU.Deploy.0 = Debug|Any CPU
		{C050879B-7633-4ECB-A975-F018DEED919B}.Release|Any CPU.ActiveCfg = Release|Any CPU
		{C050879B-7633-4ECB-A975-F018DEED919B}.Release|Any CPU.Build.0 = Release|Any CPU
		{C050879B-7633-4ECB-A975-F018DEED919B}.Release|Any CPU.Deploy.0 = Release|Any CPU
		{7D3F48C5-4389-4347-B5A8-D9A20557843D}.Debug|Any CPU.ActiveCfg = Debug|Any CPU
		{7D3F48C5-4389-4347-B5A8-D9A20557843D}.Debug|Any CPU.Build.0 = Debug|Any CPU
		{7D3F48C5-4389-4347-B5A8-D9A20557843D}.Release|Any CPU.ActiveCfg = Release|Any CPU
		{7D3F48C5-4389-4347-B5A8-D9A20557843D}.Release|Any CPU.Build.0 = Release|Any CPU
		{15EDB274-EE2C-4781-9869-0565CF1C7FEF}.Debug|Any CPU.ActiveCfg = Debug|Any CPU
		{15EDB274-EE2C-4781-9869-0565CF1C7FEF}.Debug|Any CPU.Build.0 = Debug|Any CPU
		{15EDB274-EE2C-4781-9869-0565CF1C7FEF}.Release|Any CPU.ActiveCfg = Release|Any CPU
		{15EDB274-EE2C-4781-9869-0565CF1C7FEF}.Release|Any CPU.Build.0 = Release|Any CPU
	EndGlobalSection
	GlobalSection(SolutionProperties) = preSolution
		HideSolutionNode = FALSE
	EndGlobalSection
	GlobalSection(NestedProjects) = preSolution
		{FCF98693-AE36-49BF-A57D-E5D686CC3F89} = {0CBA597E-F782-4475-A905-D7E77C3F28F3}
		{15EDB274-EE2C-4781-9869-0565CF1C7FEF} = {0CBA597E-F782-4475-A905-D7E77C3F28F3}
	EndGlobalSection
EndGlobal
